
Microsoft Visual Studio Solution File, Format Version 12.00
# Visual Studio Version 17
VisualStudioVersion = 17.11.35327.3
MinimumVisualStudioVersion = 10.0.40219.1
Project("{9A19103F-16F7-4668-BE54-9A1E7A4F7556}") = "WPFStarter", "WPFStarter\WPFStarter.csproj", "{86EAE8D4-780B-44D6-82F0-7FA9EE3A28D1}"
EndProject
Project("{FAE04EC0-301F-11D3-BF4B-00C04F79EFBC}") = "WPFStarterTests", "WPFStarterTests\WPFStarterTests.csproj", "{AF8035CE-DAC6-400D-BB56-7AF104C52651}"
EndProject
Global
	GlobalSection(SolutionConfigurationPlatforms) = preSolution
		Debug|Any CPU = Debug|Any CPU
		Release|Any CPU = Release|Any CPU
	EndGlobalSection
	GlobalSection(ProjectConfigurationPlatforms) = postSolution
		{86EAE8D4-780B-44D6-82F0-7FA9EE3A28D1}.Debug|Any CPU.ActiveCfg = Debug|Any CPU
		{86EAE8D4-780B-44D6-82F0-7FA9EE3A28D1}.Debug|Any CPU.Build.0 = Debug|Any CPU
		{86EAE8D4-780B-44D6-82F0-7FA9EE3A28D1}.Release|Any CPU.ActiveCfg = Release|Any CPU
		{86EAE8D4-780B-44D6-82F0-7FA9EE3A28D1}.Release|Any CPU.Build.0 = Release|Any CPU
		{AF8035CE-DAC6-400D-BB56-7AF104C52651}.Debug|Any CPU.ActiveCfg = Debug|Any CPU
		{AF8035CE-DAC6-400D-BB56-7AF104C52651}.Debug|Any CPU.Build.0 = Debug|Any CPU
		{AF8035CE-DAC6-400D-BB56-7AF104C52651}.Release|Any CPU.ActiveCfg = Release|Any CPU
		{AF8035CE-DAC6-400D-BB56-7AF104C52651}.Release|Any CPU.Build.0 = Release|Any CPU
	EndGlobalSection
	GlobalSection(SolutionProperties) = preSolution
		HideSolutionNode = FALSE
	EndGlobalSection
	GlobalSection(ExtensibilityGlobals) = postSolution
		SolutionGuid = {3B3B93AC-C821-42F1-A798-B295F7C885AD}
	EndGlobalSection
EndGlobal
